// !$*UTF8*$!
{
	archiveVersion = 1;
	classes = {
	};
	objectVersion = 50;
	objects = {

/* Begin PBXBuildFile section */
		E129730A25F574F50007AC72 /* AppDelegate.swift in Sources */ = {isa = PBXBuildFile; fileRef = E129730925F574F50007AC72 /* AppDelegate.swift */; };
		E129730C25F574F50007AC72 /* SceneDelegate.swift in Sources */ = {isa = PBXBuildFile; fileRef = E129730B25F574F50007AC72 /* SceneDelegate.swift */; };
		E129730E25F574F50007AC72 /* AnnouncesListViewController.swift in Sources */ = {isa = PBXBuildFile; fileRef = E129730D25F574F50007AC72 /* AnnouncesListViewController.swift */; };
		E129731325F574F60007AC72 /* Assets.xcassets in Resources */ = {isa = PBXBuildFile; fileRef = E129731225F574F60007AC72 /* Assets.xcassets */; };
		E129731625F574F60007AC72 /* LaunchScreen.storyboard in Resources */ = {isa = PBXBuildFile; fileRef = E129731425F574F60007AC72 /* LaunchScreen.storyboard */; };
		E129732125F574F60007AC72 /* TestLBCTests.swift in Sources */ = {isa = PBXBuildFile; fileRef = E129732025F574F60007AC72 /* TestLBCTests.swift */; };
		E129732C25F574F60007AC72 /* TestLBCUITests.swift in Sources */ = {isa = PBXBuildFile; fileRef = E129732B25F574F60007AC72 /* TestLBCUITests.swift */; };
		E129735625F672D10007AC72 /* AnnounceTableViewCell.swift in Sources */ = {isa = PBXBuildFile; fileRef = E129735525F672D10007AC72 /* AnnounceTableViewCell.swift */; };
		E129736425F677E50007AC72 /* AnnouncesViewModel.swift in Sources */ = {isa = PBXBuildFile; fileRef = E129736325F677E50007AC72 /* AnnouncesViewModel.swift */; };
		E129737225F67D3B0007AC72 /* Extensions.swift in Sources */ = {isa = PBXBuildFile; fileRef = E129737125F67D3B0007AC72 /* Extensions.swift */; };
		E178F2BD25F7B7EA002EC139 /* DetailsAnnounceViewController.swift in Sources */ = {isa = PBXBuildFile; fileRef = E178F2BC25F7B7EA002EC139 /* DetailsAnnounceViewController.swift */; };
		E178F2D125F9469B002EC139 /* CategoryTableViewController.swift in Sources */ = {isa = PBXBuildFile; fileRef = E178F2D025F9469B002EC139 /* CategoryTableViewController.swift */; };
		E178F2D625F95016002EC139 /* Utils.swift in Sources */ = {isa = PBXBuildFile; fileRef = E178F2D525F95016002EC139 /* Utils.swift */; };
		E178F2FE25F97CD2002EC139 /* API.swift in Sources */ = {isa = PBXBuildFile; fileRef = E178F2FD25F97CD2002EC139 /* API.swift */; };
		E178F30625F97D63002EC139 /* APIType.swift in Sources */ = {isa = PBXBuildFile; fileRef = E178F30525F97D63002EC139 /* APIType.swift */; };
		E178F30C25F97EB6002EC139 /* Router.swift in Sources */ = {isa = PBXBuildFile; fileRef = E178F30B25F97EB6002EC139 /* Router.swift */; };
		E178F31525F97FF4002EC139 /* NetworkManager.swift in Sources */ = {isa = PBXBuildFile; fileRef = E178F31425F97FF4002EC139 /* NetworkManager.swift */; };
		E178F32225F99805002EC139 /* Announce.swift in Sources */ = {isa = PBXBuildFile; fileRef = E178F32125F99805002EC139 /* Announce.swift */; };
		E178F32725FA6015002EC139 /* NetworkDataHandler.swift in Sources */ = {isa = PBXBuildFile; fileRef = E178F32625FA6015002EC139 /* NetworkDataHandler.swift */; };
		E178F32F25FAC156002EC139 /* Protocol+Enum.swift in Sources */ = {isa = PBXBuildFile; fileRef = E178F32E25FAC156002EC139 /* Protocol+Enum.swift */; };
		E178F33525FAD96D002EC139 /* ImageDownloader.swift in Sources */ = {isa = PBXBuildFile; fileRef = E178F33425FAD96D002EC139 /* ImageDownloader.swift */; };
		E178F34025FAE4FD002EC139 /* NetworkErrors.swift in Sources */ = {isa = PBXBuildFile; fileRef = E178F33F25FAE4FD002EC139 /* NetworkErrors.swift */; };
		E178F35925FAE9C2002EC139 /* Category.swift in Sources */ = {isa = PBXBuildFile; fileRef = E178F35825FAE9C2002EC139 /* Category.swift */; };
		E178F36725FBFB94002EC139 /* AnnouncesInteractor.swift in Sources */ = {isa = PBXBuildFile; fileRef = E178F36625FBFB94002EC139 /* AnnouncesInteractor.swift */; };
		E178F38825FD06E1002EC139 /* LBCModelsTest.swift in Sources */ = {isa = PBXBuildFile; fileRef = E178F38725FD06E1002EC139 /* LBCModelsTest.swift */; };
		E178F39125FD093D002EC139 /* Listing.json in Resources */ = {isa = PBXBuildFile; fileRef = E178F39025FD093C002EC139 /* Listing.json */; };
		E178F39925FD1007002EC139 /* Categories.json in Resources */ = {isa = PBXBuildFile; fileRef = E178F39825FD1007002EC139 /* Categories.json */; };
		E19E0A8F25FD379F006F23F8 /* LBCDataManagerTest.swift in Sources */ = {isa = PBXBuildFile; fileRef = E19E0A8E25FD379F006F23F8 /* LBCDataManagerTest.swift */; };
/* End PBXBuildFile section */

/* Begin PBXContainerItemProxy section */
		E129731D25F574F60007AC72 /* PBXContainerItemProxy */ = {
			isa = PBXContainerItemProxy;
			containerPortal = E12972FE25F574F50007AC72 /* Project object */;
			proxyType = 1;
			remoteGlobalIDString = E129730525F574F50007AC72;
			remoteInfo = TestLBC;
		};
		E129732825F574F60007AC72 /* PBXContainerItemProxy */ = {
			isa = PBXContainerItemProxy;
			containerPortal = E12972FE25F574F50007AC72 /* Project object */;
			proxyType = 1;
			remoteGlobalIDString = E129730525F574F50007AC72;
			remoteInfo = TestLBC;
		};
/* End PBXContainerItemProxy section */

/* Begin PBXFileReference section */
		E129730625F574F50007AC72 /* TestLBC.app */ = {isa = PBXFileReference; explicitFileType = wrapper.application; includeInIndex = 0; path = TestLBC.app; sourceTree = BUILT_PRODUCTS_DIR; };
		E129730925F574F50007AC72 /* AppDelegate.swift */ = {isa = PBXFileReference; lastKnownFileType = sourcecode.swift; path = AppDelegate.swift; sourceTree = "<group>"; };
		E129730B25F574F50007AC72 /* SceneDelegate.swift */ = {isa = PBXFileReference; lastKnownFileType = sourcecode.swift; path = SceneDelegate.swift; sourceTree = "<group>"; };
		E129730D25F574F50007AC72 /* AnnouncesListViewController.swift */ = {isa = PBXFileReference; lastKnownFileType = sourcecode.swift; path = AnnouncesListViewController.swift; sourceTree = "<group>"; };
		E129731225F574F60007AC72 /* Assets.xcassets */ = {isa = PBXFileReference; lastKnownFileType = folder.assetcatalog; path = Assets.xcassets; sourceTree = "<group>"; };
		E129731525F574F60007AC72 /* Base */ = {isa = PBXFileReference; lastKnownFileType = file.storyboard; name = Base; path = Base.lproj/LaunchScreen.storyboard; sourceTree = "<group>"; };
		E129731725F574F60007AC72 /* Info.plist */ = {isa = PBXFileReference; lastKnownFileType = text.plist.xml; path = Info.plist; sourceTree = "<group>"; };
		E129731C25F574F60007AC72 /* TestLBCTests.xctest */ = {isa = PBXFileReference; explicitFileType = wrapper.cfbundle; includeInIndex = 0; path = TestLBCTests.xctest; sourceTree = BUILT_PRODUCTS_DIR; };
		E129732025F574F60007AC72 /* TestLBCTests.swift */ = {isa = PBXFileReference; lastKnownFileType = sourcecode.swift; path = TestLBCTests.swift; sourceTree = "<group>"; };
		E129732225F574F60007AC72 /* Info.plist */ = {isa = PBXFileReference; lastKnownFileType = text.plist.xml; path = Info.plist; sourceTree = "<group>"; };
		E129732725F574F60007AC72 /* TestLBCUITests.xctest */ = {isa = PBXFileReference; explicitFileType = wrapper.cfbundle; includeInIndex = 0; path = TestLBCUITests.xctest; sourceTree = BUILT_PRODUCTS_DIR; };
		E129732B25F574F60007AC72 /* TestLBCUITests.swift */ = {isa = PBXFileReference; lastKnownFileType = sourcecode.swift; path = TestLBCUITests.swift; sourceTree = "<group>"; };
		E129732D25F574F60007AC72 /* Info.plist */ = {isa = PBXFileReference; lastKnownFileType = text.plist.xml; path = Info.plist; sourceTree = "<group>"; };
		E129735525F672D10007AC72 /* AnnounceTableViewCell.swift */ = {isa = PBXFileReference; lastKnownFileType = sourcecode.swift; path = AnnounceTableViewCell.swift; sourceTree = "<group>"; };
		E129736325F677E50007AC72 /* AnnouncesViewModel.swift */ = {isa = PBXFileReference; lastKnownFileType = sourcecode.swift; path = AnnouncesViewModel.swift; sourceTree = "<group>"; };
		E129737125F67D3B0007AC72 /* Extensions.swift */ = {isa = PBXFileReference; lastKnownFileType = sourcecode.swift; path = Extensions.swift; sourceTree = "<group>"; };
		E178F2BC25F7B7EA002EC139 /* DetailsAnnounceViewController.swift */ = {isa = PBXFileReference; lastKnownFileType = sourcecode.swift; path = DetailsAnnounceViewController.swift; sourceTree = "<group>"; };
		E178F2D025F9469B002EC139 /* CategoryTableViewController.swift */ = {isa = PBXFileReference; lastKnownFileType = sourcecode.swift; path = CategoryTableViewController.swift; sourceTree = "<group>"; };
		E178F2D525F95016002EC139 /* Utils.swift */ = {isa = PBXFileReference; lastKnownFileType = sourcecode.swift; path = Utils.swift; sourceTree = "<group>"; };
		E178F2FD25F97CD2002EC139 /* API.swift */ = {isa = PBXFileReference; lastKnownFileType = sourcecode.swift; path = API.swift; sourceTree = "<group>"; };
		E178F30525F97D63002EC139 /* APIType.swift */ = {isa = PBXFileReference; lastKnownFileType = sourcecode.swift; path = APIType.swift; sourceTree = "<group>"; };
		E178F30B25F97EB6002EC139 /* Router.swift */ = {isa = PBXFileReference; lastKnownFileType = sourcecode.swift; path = Router.swift; sourceTree = "<group>"; };
		E178F31425F97FF4002EC139 /* NetworkManager.swift */ = {isa = PBXFileReference; lastKnownFileType = sourcecode.swift; path = NetworkManager.swift; sourceTree = "<group>"; };
		E178F32125F99805002EC139 /* Announce.swift */ = {isa = PBXFileReference; lastKnownFileType = sourcecode.swift; path = Announce.swift; sourceTree = "<group>"; };
		E178F32625FA6015002EC139 /* NetworkDataHandler.swift */ = {isa = PBXFileReference; lastKnownFileType = sourcecode.swift; path = NetworkDataHandler.swift; sourceTree = "<group>"; };
		E178F32E25FAC156002EC139 /* Protocol+Enum.swift */ = {isa = PBXFileReference; lastKnownFileType = sourcecode.swift; path = "Protocol+Enum.swift"; sourceTree = "<group>"; };
		E178F33425FAD96D002EC139 /* ImageDownloader.swift */ = {isa = PBXFileReference; lastKnownFileType = sourcecode.swift; path = ImageDownloader.swift; sourceTree = "<group>"; };
		E178F33F25FAE4FD002EC139 /* NetworkErrors.swift */ = {isa = PBXFileReference; lastKnownFileType = sourcecode.swift; path = NetworkErrors.swift; sourceTree = "<group>"; };
		E178F35825FAE9C2002EC139 /* Category.swift */ = {isa = PBXFileReference; lastKnownFileType = sourcecode.swift; path = Category.swift; sourceTree = "<group>"; };
		E178F36625FBFB94002EC139 /* AnnouncesInteractor.swift */ = {isa = PBXFileReference; lastKnownFileType = sourcecode.swift; path = AnnouncesInteractor.swift; sourceTree = "<group>"; };
		E178F38725FD06E1002EC139 /* LBCModelsTest.swift */ = {isa = PBXFileReference; lastKnownFileType = sourcecode.swift; path = LBCModelsTest.swift; sourceTree = "<group>"; };
		E178F39025FD093C002EC139 /* Listing.json */ = {isa = PBXFileReference; fileEncoding = 4; lastKnownFileType = text.json; name = Listing.json; path = ../../../Documents/Listing.json; sourceTree = "<group>"; };
		E178F39825FD1007002EC139 /* Categories.json */ = {isa = PBXFileReference; fileEncoding = 4; lastKnownFileType = text.json; name = Categories.json; path = ../../../Documents/Categories.json; sourceTree = "<group>"; };
		E19E0A8E25FD379F006F23F8 /* LBCDataManagerTest.swift */ = {isa = PBXFileReference; lastKnownFileType = sourcecode.swift; path = LBCDataManagerTest.swift; sourceTree = "<group>"; };
/* End PBXFileReference section */

/* Begin PBXFrameworksBuildPhase section */
		E129730325F574F50007AC72 /* Frameworks */ = {
			isa = PBXFrameworksBuildPhase;
			buildActionMask = 2147483647;
			files = (
			);
			runOnlyForDeploymentPostprocessing = 0;
		};
		E129731925F574F60007AC72 /* Frameworks */ = {
			isa = PBXFrameworksBuildPhase;
			buildActionMask = 2147483647;
			files = (
			);
			runOnlyForDeploymentPostprocessing = 0;
		};
		E129732425F574F60007AC72 /* Frameworks */ = {
			isa = PBXFrameworksBuildPhase;
			buildActionMask = 2147483647;
			files = (
			);
			runOnlyForDeploymentPostprocessing = 0;
		};
/* End PBXFrameworksBuildPhase section */

/* Begin PBXGroup section */
		E12972FD25F574F50007AC72 = {
			isa = PBXGroup;
			children = (
				E129730825F574F50007AC72 /* TestLBC */,
				E129731F25F574F60007AC72 /* TestLBCTests */,
				E129732A25F574F60007AC72 /* TestLBCUITests */,
				E129730725F574F50007AC72 /* Products */,
			);
			sourceTree = "<group>";
		};
		E129730725F574F50007AC72 /* Products */ = {
			isa = PBXGroup;
			children = (
				E129730625F574F50007AC72 /* TestLBC.app */,
				E129731C25F574F60007AC72 /* TestLBCTests.xctest */,
				E129732725F574F60007AC72 /* TestLBCUITests.xctest */,
			);
			name = Products;
			sourceTree = "<group>";
		};
		E129730825F574F50007AC72 /* TestLBC */ = {
			isa = PBXGroup;
			children = (
				E129734925F651C10007AC72 /* Model */,
				E129734A25F651CA0007AC72 /* Views */,
				E129734825F651B10007AC72 /* ViewModel */,
				E178F36B25FBFBA0002EC139 /* Interactor */,
				E129730925F574F50007AC72 /* AppDelegate.swift */,
				E129730B25F574F50007AC72 /* SceneDelegate.swift */,
				E129731225F574F60007AC72 /* Assets.xcassets */,
				E129731425F574F60007AC72 /* LaunchScreen.storyboard */,
				E129731725F574F60007AC72 /* Info.plist */,
				E178F33325FAD94B002EC139 /* Utils */,
				E178F2FB25F9695F002EC139 /* NetworkLayer */,
			);
			path = TestLBC;
			sourceTree = "<group>";
		};
		E129731F25F574F60007AC72 /* TestLBCTests */ = {
			isa = PBXGroup;
			children = (
				E178F38F25FD075C002EC139 /* JsonMock */,
				E129732025F574F60007AC72 /* TestLBCTests.swift */,
				E178F38725FD06E1002EC139 /* LBCModelsTest.swift */,
				E19E0A8E25FD379F006F23F8 /* LBCDataManagerTest.swift */,
				E129732225F574F60007AC72 /* Info.plist */,
			);
			path = TestLBCTests;
			sourceTree = "<group>";
		};
		E129732A25F574F60007AC72 /* TestLBCUITests */ = {
			isa = PBXGroup;
			children = (
				E129732B25F574F60007AC72 /* TestLBCUITests.swift */,
				E129732D25F574F60007AC72 /* Info.plist */,
			);
			path = TestLBCUITests;
			sourceTree = "<group>";
		};
		E129734825F651B10007AC72 /* ViewModel */ = {
			isa = PBXGroup;
			children = (
				E129736325F677E50007AC72 /* AnnouncesViewModel.swift */,
				E178F32E25FAC156002EC139 /* Protocol+Enum.swift */,
			);
			path = ViewModel;
			sourceTree = "<group>";
		};
		E129734925F651C10007AC72 /* Model */ = {
			isa = PBXGroup;
			children = (
				E178F32125F99805002EC139 /* Announce.swift */,
				E178F35825FAE9C2002EC139 /* Category.swift */,
			);
			path = Model;
			sourceTree = "<group>";
		};
		E129734A25F651CA0007AC72 /* Views */ = {
			isa = PBXGroup;
			children = (
				E129730D25F574F50007AC72 /* AnnouncesListViewController.swift */,
				E178F2BC25F7B7EA002EC139 /* DetailsAnnounceViewController.swift */,
				E178F2D025F9469B002EC139 /* CategoryTableViewController.swift */,
				E129735425F672A80007AC72 /* Cell */,
			);
			path = Views;
			sourceTree = "<group>";
		};
		E129735425F672A80007AC72 /* Cell */ = {
			isa = PBXGroup;
			children = (
				E129735525F672D10007AC72 /* AnnounceTableViewCell.swift */,
			);
			path = Cell;
			sourceTree = "<group>";
		};
		E178F2FB25F9695F002EC139 /* NetworkLayer */ = {
			isa = PBXGroup;
			children = (
				E178F31325F97FE0002EC139 /* NetworkManager */,
				E178F2FC25F97CA3002EC139 /* Components */,
				E178F30A25F97EA4002EC139 /* NetworkRouter */,
			);
			path = NetworkLayer;
			sourceTree = "<group>";
		};
		E178F2FC25F97CA3002EC139 /* Components */ = {
			isa = PBXGroup;
			children = (
				E178F2FD25F97CD2002EC139 /* API.swift */,
				E178F30525F97D63002EC139 /* APIType.swift */,
			);
			path = Components;
			sourceTree = "<group>";
		};
		E178F30A25F97EA4002EC139 /* NetworkRouter */ = {
			isa = PBXGroup;
			children = (
				E178F30B25F97EB6002EC139 /* Router.swift */,
			);
			path = NetworkRouter;
			sourceTree = "<group>";
		};
		E178F31325F97FE0002EC139 /* NetworkManager */ = {
			isa = PBXGroup;
			children = (
				E178F31425F97FF4002EC139 /* NetworkManager.swift */,
				E178F32625FA6015002EC139 /* NetworkDataHandler.swift */,
				E178F33F25FAE4FD002EC139 /* NetworkErrors.swift */,
			);
			path = NetworkManager;
			sourceTree = "<group>";
		};
		E178F33325FAD94B002EC139 /* Utils */ = {
			isa = PBXGroup;
			children = (
				E129737125F67D3B0007AC72 /* Extensions.swift */,
				E178F2D525F95016002EC139 /* Utils.swift */,
				E178F33425FAD96D002EC139 /* ImageDownloader.swift */,
			);
			path = Utils;
			sourceTree = "<group>";
		};
		E178F36B25FBFBA0002EC139 /* Interactor */ = {
			isa = PBXGroup;
			children = (
				E178F36625FBFB94002EC139 /* AnnouncesInteractor.swift */,
			);
			path = Interactor;
			sourceTree = "<group>";
		};
		E178F38F25FD075C002EC139 /* JsonMock */ = {
			isa = PBXGroup;
			children = (
				E178F39025FD093C002EC139 /* Listing.json */,
				E178F39825FD1007002EC139 /* Categories.json */,
			);
			path = JsonMock;
			sourceTree = "<group>";
		};
/* End PBXGroup section */

/* Begin PBXNativeTarget section */
		E129730525F574F50007AC72 /* TestLBC */ = {
			isa = PBXNativeTarget;
			buildConfigurationList = E129733025F574F60007AC72 /* Build configuration list for PBXNativeTarget "TestLBC" */;
			buildPhases = (
				E129730225F574F50007AC72 /* Sources */,
				E129730325F574F50007AC72 /* Frameworks */,
				E129730425F574F50007AC72 /* Resources */,
			);
			buildRules = (
			);
			dependencies = (
			);
			name = TestLBC;
			productName = TestLBC;
			productReference = E129730625F574F50007AC72 /* TestLBC.app */;
			productType = "com.apple.product-type.application";
		};
		E129731B25F574F60007AC72 /* TestLBCTests */ = {
			isa = PBXNativeTarget;
			buildConfigurationList = E129733325F574F60007AC72 /* Build configuration list for PBXNativeTarget "TestLBCTests" */;
			buildPhases = (
				E129731825F574F60007AC72 /* Sources */,
				E129731925F574F60007AC72 /* Frameworks */,
				E129731A25F574F60007AC72 /* Resources */,
			);
			buildRules = (
			);
			dependencies = (
				E129731E25F574F60007AC72 /* PBXTargetDependency */,
			);
			name = TestLBCTests;
			productName = TestLBCTests;
			productReference = E129731C25F574F60007AC72 /* TestLBCTests.xctest */;
			productType = "com.apple.product-type.bundle.unit-test";
		};
		E129732625F574F60007AC72 /* TestLBCUITests */ = {
			isa = PBXNativeTarget;
			buildConfigurationList = E129733625F574F60007AC72 /* Build configuration list for PBXNativeTarget "TestLBCUITests" */;
			buildPhases = (
				E129732325F574F60007AC72 /* Sources */,
				E129732425F574F60007AC72 /* Frameworks */,
				E129732525F574F60007AC72 /* Resources */,
			);
			buildRules = (
			);
			dependencies = (
				E129732925F574F60007AC72 /* PBXTargetDependency */,
			);
			name = TestLBCUITests;
			productName = TestLBCUITests;
			productReference = E129732725F574F60007AC72 /* TestLBCUITests.xctest */;
			productType = "com.apple.product-type.bundle.ui-testing";
		};
/* End PBXNativeTarget section */

/* Begin PBXProject section */
		E12972FE25F574F50007AC72 /* Project object */ = {
			isa = PBXProject;
			attributes = {
				LastSwiftUpdateCheck = 1240;
				LastUpgradeCheck = 1240;
				TargetAttributes = {
					E129730525F574F50007AC72 = {
						CreatedOnToolsVersion = 12.4;
					};
					E129731B25F574F60007AC72 = {
						CreatedOnToolsVersion = 12.4;
						TestTargetID = E129730525F574F50007AC72;
					};
					E129732625F574F60007AC72 = {
						CreatedOnToolsVersion = 12.4;
						TestTargetID = E129730525F574F50007AC72;
					};
				};
			};
			buildConfigurationList = E129730125F574F50007AC72 /* Build configuration list for PBXProject "TestLBC" */;
			compatibilityVersion = "Xcode 9.3";
			developmentRegion = en;
			hasScannedForEncodings = 0;
			knownRegions = (
				en,
				Base,
			);
			mainGroup = E12972FD25F574F50007AC72;
			productRefGroup = E129730725F574F50007AC72 /* Products */;
			projectDirPath = "";
			projectRoot = "";
			targets = (
				E129730525F574F50007AC72 /* TestLBC */,
				E129731B25F574F60007AC72 /* TestLBCTests */,
				E129732625F574F60007AC72 /* TestLBCUITests */,
			);
		};
/* End PBXProject section */

/* Begin PBXResourcesBuildPhase section */
		E129730425F574F50007AC72 /* Resources */ = {
			isa = PBXResourcesBuildPhase;
			buildActionMask = 2147483647;
			files = (
				E129731625F574F60007AC72 /* LaunchScreen.storyboard in Resources */,
				E129731325F574F60007AC72 /* Assets.xcassets in Resources */,
			);
			runOnlyForDeploymentPostprocessing = 0;
		};
		E129731A25F574F60007AC72 /* Resources */ = {
			isa = PBXResourcesBuildPhase;
			buildActionMask = 2147483647;
			files = (
				E178F39125FD093D002EC139 /* Listing.json in Resources */,
				E178F39925FD1007002EC139 /* Categories.json in Resources */,
			);
			runOnlyForDeploymentPostprocessing = 0;
		};
		E129732525F574F60007AC72 /* Resources */ = {
			isa = PBXResourcesBuildPhase;
			buildActionMask = 2147483647;
			files = (
			);
			runOnlyForDeploymentPostprocessing = 0;
		};
/* End PBXResourcesBuildPhase section */

/* Begin PBXSourcesBuildPhase section */
		E129730225F574F50007AC72 /* Sources */ = {
			isa = PBXSourcesBuildPhase;
			buildActionMask = 2147483647;
			files = (
				E178F32F25FAC156002EC139 /* Protocol+Enum.swift in Sources */,
				E129730E25F574F50007AC72 /* AnnouncesListViewController.swift in Sources */,
				E178F36725FBFB94002EC139 /* AnnouncesInteractor.swift in Sources */,
				E178F35925FAE9C2002EC139 /* Category.swift in Sources */,
				E129737225F67D3B0007AC72 /* Extensions.swift in Sources */,
				E178F2D625F95016002EC139 /* Utils.swift in Sources */,
				E178F31525F97FF4002EC139 /* NetworkManager.swift in Sources */,
				E178F32725FA6015002EC139 /* NetworkDataHandler.swift in Sources */,
				E129730A25F574F50007AC72 /* AppDelegate.swift in Sources */,
				E178F30C25F97EB6002EC139 /* Router.swift in Sources */,
				E178F30625F97D63002EC139 /* APIType.swift in Sources */,
				E178F2FE25F97CD2002EC139 /* API.swift in Sources */,
				E178F33525FAD96D002EC139 /* ImageDownloader.swift in Sources */,
				E178F2D125F9469B002EC139 /* CategoryTableViewController.swift in Sources */,
				E129735625F672D10007AC72 /* AnnounceTableViewCell.swift in Sources */,
				E178F2BD25F7B7EA002EC139 /* DetailsAnnounceViewController.swift in Sources */,
				E129736425F677E50007AC72 /* AnnouncesViewModel.swift in Sources */,
				E178F32225F99805002EC139 /* Announce.swift in Sources */,
				E129730C25F574F50007AC72 /* SceneDelegate.swift in Sources */,
				E178F34025FAE4FD002EC139 /* NetworkErrors.swift in Sources */,
			);
			runOnlyForDeploymentPostprocessing = 0;
		};
		E129731825F574F60007AC72 /* Sources */ = {
			isa = PBXSourcesBuildPhase;
			buildActionMask = 2147483647;
			files = (
				E129732125F574F60007AC72 /* TestLBCTests.swift in Sources */,
				E178F38825FD06E1002EC139 /* LBCModelsTest.swift in Sources */,
				E19E0A8F25FD379F006F23F8 /* LBCDataManagerTest.swift in Sources */,
			);
			runOnlyForDeploymentPostprocessing = 0;
		};
		E129732325F574F60007AC72 /* Sources */ = {
			isa = PBXSourcesBuildPhase;
			buildActionMask = 2147483647;
			files = (
				E129732C25F574F60007AC72 /* TestLBCUITests.swift in Sources */,
			);
			runOnlyForDeploymentPostprocessing = 0;
		};
/* End PBXSourcesBuildPhase section */

/* Begin PBXTargetDependency section */
		E129731E25F574F60007AC72 /* PBXTargetDependency */ = {
			isa = PBXTargetDependency;
			target = E129730525F574F50007AC72 /* TestLBC */;
			targetProxy = E129731D25F574F60007AC72 /* PBXContainerItemProxy */;
		};
		E129732925F574F60007AC72 /* PBXTargetDependency */ = {
			isa = PBXTargetDependency;
			target = E129730525F574F50007AC72 /* TestLBC */;
			targetProxy = E129732825F574F60007AC72 /* PBXContainerItemProxy */;
		};
/* End PBXTargetDependency section */

/* Begin PBXVariantGroup section */
		E129731425F574F60007AC72 /* LaunchScreen.storyboard */ = {
			isa = PBXVariantGroup;
			children = (
				E129731525F574F60007AC72 /* Base */,
			);
			name = LaunchScreen.storyboard;
			sourceTree = "<group>";
		};
/* End PBXVariantGroup section */

/* Begin XCBuildConfiguration section */
		E129732E25F574F60007AC72 /* Debug */ = {
			isa = XCBuildConfiguration;
			buildSettings = {
				ALWAYS_SEARCH_USER_PATHS = NO;
				CLANG_ANALYZER_NONNULL = YES;
				CLANG_ANALYZER_NUMBER_OBJECT_CONVERSION = YES_AGGRESSIVE;
				CLANG_CXX_LANGUAGE_STANDARD = "gnu++14";
				CLANG_CXX_LIBRARY = "libc++";
				CLANG_ENABLE_MODULES = YES;
				CLANG_ENABLE_OBJC_ARC = YES;
				CLANG_ENABLE_OBJC_WEAK = YES;
				CLANG_WARN_BLOCK_CAPTURE_AUTORELEASING = YES;
				CLANG_WARN_BOOL_CONVERSION = YES;
				CLANG_WARN_COMMA = YES;
				CLANG_WARN_CONSTANT_CONVERSION = YES;
				CLANG_WARN_DEPRECATED_OBJC_IMPLEMENTATIONS = YES;
				CLANG_WARN_DIRECT_OBJC_ISA_USAGE = YES_ERROR;
				CLANG_WARN_DOCUMENTATION_COMMENTS = YES;
				CLANG_WARN_EMPTY_BODY = YES;
				CLANG_WARN_ENUM_CONVERSION = YES;
				CLANG_WARN_INFINITE_RECURSION = YES;
				CLANG_WARN_INT_CONVERSION = YES;
				CLANG_WARN_NON_LITERAL_NULL_CONVERSION = YES;
				CLANG_WARN_OBJC_IMPLICIT_RETAIN_SELF = YES;
				CLANG_WARN_OBJC_LITERAL_CONVERSION = YES;
				CLANG_WARN_OBJC_ROOT_CLASS = YES_ERROR;
				CLANG_WARN_QUOTED_INCLUDE_IN_FRAMEWORK_HEADER = YES;
				CLANG_WARN_RANGE_LOOP_ANALYSIS = YES;
				CLANG_WARN_STRICT_PROTOTYPES = YES;
				CLANG_WARN_SUSPICIOUS_MOVE = YES;
				CLANG_WARN_UNGUARDED_AVAILABILITY = YES_AGGRESSIVE;
				CLANG_WARN_UNREACHABLE_CODE = YES;
				CLANG_WARN__DUPLICATE_METHOD_MATCH = YES;
				COPY_PHASE_STRIP = NO;
				DEBUG_INFORMATION_FORMAT = dwarf;
				ENABLE_STRICT_OBJC_MSGSEND = YES;
				ENABLE_TESTABILITY = YES;
				GCC_C_LANGUAGE_STANDARD = gnu11;
				GCC_DYNAMIC_NO_PIC = NO;
				GCC_NO_COMMON_BLOCKS = YES;
				GCC_OPTIMIZATION_LEVEL = 0;
				GCC_PREPROCESSOR_DEFINITIONS = (
					"DEBUG=1",
					"$(inherited)",
				);
				GCC_WARN_64_TO_32_BIT_CONVERSION = YES;
				GCC_WARN_ABOUT_RETURN_TYPE = YES_ERROR;
				GCC_WARN_UNDECLARED_SELECTOR = YES;
				GCC_WARN_UNINITIALIZED_AUTOS = YES_AGGRESSIVE;
				GCC_WARN_UNUSED_FUNCTION = YES;
				GCC_WARN_UNUSED_VARIABLE = YES;
				IPHONEOS_DEPLOYMENT_TARGET = 14.4;
				MTL_ENABLE_DEBUG_INFO = INCLUDE_SOURCE;
				MTL_FAST_MATH = YES;
				ONLY_ACTIVE_ARCH = YES;
				SDKROOT = iphoneos;
				SWIFT_ACTIVE_COMPILATION_CONDITIONS = DEBUG;
				SWIFT_OPTIMIZATION_LEVEL = "-Onone";
			};
			name = Debug;
		};
		E129732F25F574F60007AC72 /* Release */ = {
			isa = XCBuildConfiguration;
			buildSettings = {
				ALWAYS_SEARCH_USER_PATHS = NO;
				CLANG_ANALYZER_NONNULL = YES;
				CLANG_ANALYZER_NUMBER_OBJECT_CONVERSION = YES_AGGRESSIVE;
				CLANG_CXX_LANGUAGE_STANDARD = "gnu++14";
				CLANG_CXX_LIBRARY = "libc++";
				CLANG_ENABLE_MODULES = YES;
				CLANG_ENABLE_OBJC_ARC = YES;
				CLANG_ENABLE_OBJC_WEAK = YES;
				CLANG_WARN_BLOCK_CAPTURE_AUTORELEASING = YES;
				CLANG_WARN_BOOL_CONVERSION = YES;
				CLANG_WARN_COMMA = YES;
				CLANG_WARN_CONSTANT_CONVERSION = YES;
				CLANG_WARN_DEPRECATED_OBJC_IMPLEMENTATIONS = YES;
				CLANG_WARN_DIRECT_OBJC_ISA_USAGE = YES_ERROR;
				CLANG_WARN_DOCUMENTATION_COMMENTS = YES;
				CLANG_WARN_EMPTY_BODY = YES;
				CLANG_WARN_ENUM_CONVERSION = YES;
				CLANG_WARN_INFINITE_RECURSION = YES;
				CLANG_WARN_INT_CONVERSION = YES;
				CLANG_WARN_NON_LITERAL_NULL_CONVERSION = YES;
				CLANG_WARN_OBJC_IMPLICIT_RETAIN_SELF = YES;
				CLANG_WARN_OBJC_LITERAL_CONVERSION = YES;
				CLANG_WARN_OBJC_ROOT_CLASS = YES_ERROR;
				CLANG_WARN_QUOTED_INCLUDE_IN_FRAMEWORK_HEADER = YES;
				CLANG_WARN_RANGE_LOOP_ANALYSIS = YES;
				CLANG_WARN_STRICT_PROTOTYPES = YES;
				CLANG_WARN_SUSPICIOUS_MOVE = YES;
				CLANG_WARN_UNGUARDED_AVAILABILITY = YES_AGGRESSIVE;
				CLANG_WARN_UNREACHABLE_CODE = YES;
				CLANG_WARN__DUPLICATE_METHOD_MATCH = YES;
				COPY_PHASE_STRIP = NO;
				DEBUG_INFORMATION_FORMAT = "dwarf-with-dsym";
				ENABLE_NS_ASSERTIONS = NO;
				ENABLE_STRICT_OBJC_MSGSEND = YES;
				GCC_C_LANGUAGE_STANDARD = gnu11;
				GCC_NO_COMMON_BLOCKS = YES;
				GCC_WARN_64_TO_32_BIT_CONVERSION = YES;
				GCC_WARN_ABOUT_RETURN_TYPE = YES_ERROR;
				GCC_WARN_UNDECLARED_SELECTOR = YES;
				GCC_WARN_UNINITIALIZED_AUTOS = YES_AGGRESSIVE;
				GCC_WARN_UNUSED_FUNCTION = YES;
				GCC_WARN_UNUSED_VARIABLE = YES;
				IPHONEOS_DEPLOYMENT_TARGET = 14.4;
				MTL_ENABLE_DEBUG_INFO = NO;
				MTL_FAST_MATH = YES;
				SDKROOT = iphoneos;
				SWIFT_COMPILATION_MODE = wholemodule;
				SWIFT_OPTIMIZATION_LEVEL = "-O";
				VALIDATE_PRODUCT = YES;
			};
			name = Release;
		};
		E129733125F574F60007AC72 /* Debug */ = {
			isa = XCBuildConfiguration;
			buildSettings = {
				ASSETCATALOG_COMPILER_APPICON_NAME = AppIcon;
				ASSETCATALOG_COMPILER_GLOBAL_ACCENT_COLOR_NAME = AccentColor;
				CODE_SIGN_STYLE = Automatic;
				INFOPLIST_FILE = TestLBC/Info.plist;
				IPHONEOS_DEPLOYMENT_TARGET = 11.0;
				LD_RUNPATH_SEARCH_PATHS = (
					"$(inherited)",
					"@executable_path/Frameworks",
				);
				PRODUCT_BUNDLE_IDENTIFIER = com.test.lbc.testLBC;
				PRODUCT_NAME = "$(TARGET_NAME)";
				SWIFT_VERSION = 5.0;
				TARGETED_DEVICE_FAMILY = "1,2";
			};
			name = Debug;
		};
		E129733225F574F60007AC72 /* Release */ = {
			isa = XCBuildConfiguration;
			buildSettings = {
				ASSETCATALOG_COMPILER_APPICON_NAME = AppIcon;
				ASSETCATALOG_COMPILER_GLOBAL_ACCENT_COLOR_NAME = AccentColor;
				CODE_SIGN_STYLE = Automatic;
				INFOPLIST_FILE = TestLBC/Info.plist;
				IPHONEOS_DEPLOYMENT_TARGET = 11.0;
				LD_RUNPATH_SEARCH_PATHS = (
					"$(inherited)",
					"@executable_path/Frameworks",
				);
				PRODUCT_BUNDLE_IDENTIFIER = com.test.lbc.testLBC;
				PRODUCT_NAME = "$(TARGET_NAME)";
				SWIFT_VERSION = 5.0;
				TARGETED_DEVICE_FAMILY = "1,2";
			};
			name = Release;
		};
		E129733425F574F60007AC72 /* Debug */ = {
			isa = XCBuildConfiguration;
			buildSettings = {
				ALWAYS_EMBED_SWIFT_STANDARD_LIBRARIES = YES;
				BUNDLE_LOADER = "$(TEST_HOST)";
				CODE_SIGN_STYLE = Automatic;
				INFOPLIST_FILE = TestLBCTests/Info.plist;
				IPHONEOS_DEPLOYMENT_TARGET = 14.4;
				LD_RUNPATH_SEARCH_PATHS = (
					"$(inherited)",
					"@executable_path/Frameworks",
					"@loader_path/Frameworks",
				);
				PRODUCT_BUNDLE_IDENTIFIER = com.test.lbc.TestLBCTests;
				PRODUCT_NAME = "$(TARGET_NAME)";
				SWIFT_VERSION = 5.0;
				TARGETED_DEVICE_FAMILY = "1,2";
				TEST_HOST = "$(BUILT_PRODUCTS_DIR)/TestLBC.app/TestLBC";
			};
			name = Debug;
		};
		E129733525F574F60007AC72 /* Release */ = {
			isa = XCBuildConfiguration;
			buildSettings = {
				ALWAYS_EMBED_SWIFT_STANDARD_LIBRARIES = YES;
				BUNDLE_LOADER = "$(TEST_HOST)";
				CODE_SIGN_STYLE = Automatic;
				INFOPLIST_FILE = TestLBCTests/Info.plist;
				IPHONEOS_DEPLOYMENT_TARGET = 14.4;
				LD_RUNPATH_SEARCH_PATHS = (
					"$(inherited)",
					"@executable_path/Frameworks",
					"@loader_path/Frameworks",
				);
				PRODUCT_BUNDLE_IDENTIFIER = com.test.lbc.TestLBCTests;
				PRODUCT_NAME = "$(TARGET_NAME)";
				SWIFT_VERSION = 5.0;
				TARGETED_DEVICE_FAMILY = "1,2";
				TEST_HOST = "$(BUILT_PRODUCTS_DIR)/TestLBC.app/TestLBC";
			};
			name = Release;
		};
		E129733725F574F60007AC72 /* Debug */ = {
			isa = XCBuildConfiguration;
			buildSettings = {
				ALWAYS_EMBED_SWIFT_STANDARD_LIBRARIES = YES;
				CODE_SIGN_STYLE = Automatic;
				INFOPLIST_FILE = TestLBCUITests/Info.plist;
				LD_RUNPATH_SEARCH_PATHS = (
					"$(inherited)",
					"@executable_path/Frameworks",
					"@loader_path/Frameworks",
				);
				PRODUCT_BUNDLE_IDENTIFIER = com.test.lbc.TestLBCUITests;
				PRODUCT_NAME = "$(TARGET_NAME)";
				SWIFT_VERSION = 5.0;
				TARGETED_DEVICE_FAMILY = "1,2";
				TEST_TARGET_NAME = TestLBC;
			};
			name = Debug;
		};
		E129733825F574F60007AC72 /* Release */ = {
			isa = XCBuildConfiguration;
			buildSettings = {
				ALWAYS_EMBED_SWIFT_STANDARD_LIBRARIES = YES;
				CODE_SIGN_STYLE = Automatic;
				INFOPLIST_FILE = TestLBCUITests/Info.plist;
				LD_RUNPATH_SEARCH_PATHS = (
					"$(inherited)",
					"@executable_path/Frameworks",
					"@loader_path/Frameworks",
				);
				PRODUCT_BUNDLE_IDENTIFIER = com.test.lbc.TestLBCUITests;
				PRODUCT_NAME = "$(TARGET_NAME)";
				SWIFT_VERSION = 5.0;
				TARGETED_DEVICE_FAMILY = "1,2";
				TEST_TARGET_NAME = TestLBC;
			};
			name = Release;
		};
/* End XCBuildConfiguration section */

/* Begin XCConfigurationList section */
		E129730125F574F50007AC72 /* Build configuration list for PBXProject "TestLBC" */ = {
			isa = XCConfigurationList;
			buildConfigurations = (
				E129732E25F574F60007AC72 /* Debug */,
				E129732F25F574F60007AC72 /* Release */,
			);
			defaultConfigurationIsVisible = 0;
			defaultConfigurationName = Release;
		};
		E129733025F574F60007AC72 /* Build configuration list for PBXNativeTarget "TestLBC" */ = {
			isa = XCConfigurationList;
			buildConfigurations = (
				E129733125F574F60007AC72 /* Debug */,
				E129733225F574F60007AC72 /* Release */,
			);
			defaultConfigurationIsVisible = 0;
			defaultConfigurationName = Release;
		};
		E129733325F574F60007AC72 /* Build configuration list for PBXNativeTarget "TestLBCTests" */ = {
			isa = XCConfigurationList;
			buildConfigurations = (
				E129733425F574F60007AC72 /* Debug */,
				E129733525F574F60007AC72 /* Release */,
			);
			defaultConfigurationIsVisible = 0;
			defaultConfigurationName = Release;
		};
		E129733625F574F60007AC72 /* Build configuration list for PBXNativeTarget "TestLBCUITests" */ = {
			isa = XCConfigurationList;
			buildConfigurations = (
				E129733725F574F60007AC72 /* Debug */,
				E129733825F574F60007AC72 /* Release */,
			);
			defaultConfigurationIsVisible = 0;
			defaultConfigurationName = Release;
		};
/* End XCConfigurationList section */
	};
	rootObject = E12972FE25F574F50007AC72 /* Project object */;
}
